// !$*UTF8*$!
{
	archiveVersion = 1;
	classes = {
	};
	objectVersion = 50;
	objects = {

/* Begin PBXBuildFile section */
		A7490D28243473700072243A /* AlertActionSheetDemo.swift in Sources */ = {isa = PBXBuildFile; fileRef = A7490D27243473700072243A /* AlertActionSheetDemo.swift */; };
		A7490D2A243487B40072243A /* MoTaiDemo.swift in Sources */ = {isa = PBXBuildFile; fileRef = A7490D29243487B40072243A /* MoTaiDemo.swift */; };
		A7490D302436D2BB0072243A /* PopViewDemo.swift in Sources */ = {isa = PBXBuildFile; fileRef = A7490D2F2436D2BB0072243A /* PopViewDemo.swift */; };
		A74BF7F5242AEF1300F9AF6E /* AppDelegate.swift in Sources */ = {isa = PBXBuildFile; fileRef = A74BF7F4242AEF1300F9AF6E /* AppDelegate.swift */; };
		A74BF7F7242AEF1300F9AF6E /* SceneDelegate.swift in Sources */ = {isa = PBXBuildFile; fileRef = A74BF7F6242AEF1300F9AF6E /* SceneDelegate.swift */; };
		A74BF7FB242AEF1700F9AF6E /* Assets.xcassets in Resources */ = {isa = PBXBuildFile; fileRef = A74BF7FA242AEF1700F9AF6E /* Assets.xcassets */; };
		A74BF7FE242AEF1700F9AF6E /* Preview Assets.xcassets in Resources */ = {isa = PBXBuildFile; fileRef = A74BF7FD242AEF1700F9AF6E /* Preview Assets.xcassets */; };
		A74BF801242AEF1700F9AF6E /* LaunchScreen.storyboard in Resources */ = {isa = PBXBuildFile; fileRef = A74BF7FF242AEF1700F9AF6E /* LaunchScreen.storyboard */; };
		A74BF80C242AEF1700F9AF6E /* SwiftUIDemoTests.swift in Sources */ = {isa = PBXBuildFile; fileRef = A74BF80B242AEF1700F9AF6E /* SwiftUIDemoTests.swift */; };
		A74BF817242AEF1700F9AF6E /* SwiftUIDemoUITests.swift in Sources */ = {isa = PBXBuildFile; fileRef = A74BF816242AEF1700F9AF6E /* SwiftUIDemoUITests.swift */; };
		A74BF831242AF04B00F9AF6E /* TextDemo.swift in Sources */ = {isa = PBXBuildFile; fileRef = A74BF830242AF04B00F9AF6E /* TextDemo.swift */; };
		A74BF833242AF10B00F9AF6E /* TextInputDemo.swift in Sources */ = {isa = PBXBuildFile; fileRef = A74BF832242AF10B00F9AF6E /* TextInputDemo.swift */; };
		A74BF835242AF20C00F9AF6E /* ImageDemo.swift in Sources */ = {isa = PBXBuildFile; fileRef = A74BF834242AF20C00F9AF6E /* ImageDemo.swift */; };
		A74BF837242AF26600F9AF6E /* ButtonDemo.swift in Sources */ = {isa = PBXBuildFile; fileRef = A74BF836242AF26600F9AF6E /* ButtonDemo.swift */; };
		A74BF839242AF27800F9AF6E /* DeleteDemo.swift in Sources */ = {isa = PBXBuildFile; fileRef = A74BF838242AF27800F9AF6E /* DeleteDemo.swift */; };
		A74BF83B242B3C4B00F9AF6E /* PickerDemo.swift in Sources */ = {isa = PBXBuildFile; fileRef = A74BF83A242B3C4B00F9AF6E /* PickerDemo.swift */; };
		A752803F2431973F00DE8828 /* NavigationTabDemo.swift in Sources */ = {isa = PBXBuildFile; fileRef = A752803E2431973F00DE8828 /* NavigationTabDemo.swift */; };
		A75316D5242D9FA600BDBF27 /* ToggleDemo.swift in Sources */ = {isa = PBXBuildFile; fileRef = A75316D4242D9FA600BDBF27 /* ToggleDemo.swift */; };
		A75316D9242DD5D600BDBF27 /* WebviewDemo.swift in Sources */ = {isa = PBXBuildFile; fileRef = A75316D8242DD5D600BDBF27 /* WebviewDemo.swift */; };
		A75316DB242DDAAD00BDBF27 /* UIViewControllerDemo.swift in Sources */ = {isa = PBXBuildFile; fileRef = A75316DA242DDAAD00BDBF27 /* UIViewControllerDemo.swift */; };
		A75316DD242DE1AD00BDBF27 /* ScrollviewDemo.swift in Sources */ = {isa = PBXBuildFile; fileRef = A75316DC242DE1AD00BDBF27 /* ScrollviewDemo.swift */; };
		A75C28842430726C00FCF823 /* SectionDemo.swift in Sources */ = {isa = PBXBuildFile; fileRef = A75C28832430726C00FCF823 /* SectionDemo.swift */; };
		A75C288624308F3400FCF823 /* FormDemo.swift in Sources */ = {isa = PBXBuildFile; fileRef = A75C288524308F3400FCF823 /* FormDemo.swift */; };
/* End PBXBuildFile section */

/* Begin PBXContainerItemProxy section */
		A74BF808242AEF1700F9AF6E /* PBXContainerItemProxy */ = {
			isa = PBXContainerItemProxy;
			containerPortal = A74BF7E9242AEF1300F9AF6E /* Project object */;
			proxyType = 1;
			remoteGlobalIDString = A74BF7F0242AEF1300F9AF6E;
			remoteInfo = SwiftUIDemo;
		};
		A74BF813242AEF1700F9AF6E /* PBXContainerItemProxy */ = {
			isa = PBXContainerItemProxy;
			containerPortal = A74BF7E9242AEF1300F9AF6E /* Project object */;
			proxyType = 1;
			remoteGlobalIDString = A74BF7F0242AEF1300F9AF6E;
			remoteInfo = SwiftUIDemo;
		};
/* End PBXContainerItemProxy section */

/* Begin PBXFileReference section */
		A7490D27243473700072243A /* AlertActionSheetDemo.swift */ = {isa = PBXFileReference; lastKnownFileType = sourcecode.swift; path = AlertActionSheetDemo.swift; sourceTree = "<group>"; };
		A7490D29243487B40072243A /* MoTaiDemo.swift */ = {isa = PBXFileReference; lastKnownFileType = sourcecode.swift; path = MoTaiDemo.swift; sourceTree = "<group>"; };
		A7490D2F2436D2BB0072243A /* PopViewDemo.swift */ = {isa = PBXFileReference; lastKnownFileType = sourcecode.swift; path = PopViewDemo.swift; sourceTree = "<group>"; };
		A74BF7F1242AEF1300F9AF6E /* SwiftUIDemo.app */ = {isa = PBXFileReference; explicitFileType = wrapper.application; includeInIndex = 0; path = SwiftUIDemo.app; sourceTree = BUILT_PRODUCTS_DIR; };
		A74BF7F4242AEF1300F9AF6E /* AppDelegate.swift */ = {isa = PBXFileReference; lastKnownFileType = sourcecode.swift; path = AppDelegate.swift; sourceTree = "<group>"; };
		A74BF7F6242AEF1300F9AF6E /* SceneDelegate.swift */ = {isa = PBXFileReference; lastKnownFileType = sourcecode.swift; path = SceneDelegate.swift; sourceTree = "<group>"; };
		A74BF7FA242AEF1700F9AF6E /* Assets.xcassets */ = {isa = PBXFileReference; lastKnownFileType = folder.assetcatalog; path = Assets.xcassets; sourceTree = "<group>"; };
		A74BF7FD242AEF1700F9AF6E /* Preview Assets.xcassets */ = {isa = PBXFileReference; lastKnownFileType = folder.assetcatalog; path = "Preview Assets.xcassets"; sourceTree = "<group>"; };
		A74BF800242AEF1700F9AF6E /* Base */ = {isa = PBXFileReference; lastKnownFileType = file.storyboard; name = Base; path = Base.lproj/LaunchScreen.storyboard; sourceTree = "<group>"; };
		A74BF802242AEF1700F9AF6E /* Info.plist */ = {isa = PBXFileReference; lastKnownFileType = text.plist.xml; path = Info.plist; sourceTree = "<group>"; };
		A74BF807242AEF1700F9AF6E /* SwiftUIDemoTests.xctest */ = {isa = PBXFileReference; explicitFileType = wrapper.cfbundle; includeInIndex = 0; path = SwiftUIDemoTests.xctest; sourceTree = BUILT_PRODUCTS_DIR; };
		A74BF80B242AEF1700F9AF6E /* SwiftUIDemoTests.swift */ = {isa = PBXFileReference; lastKnownFileType = sourcecode.swift; path = SwiftUIDemoTests.swift; sourceTree = "<group>"; };
		A74BF80D242AEF1700F9AF6E /* Info.plist */ = {isa = PBXFileReference; lastKnownFileType = text.plist.xml; path = Info.plist; sourceTree = "<group>"; };
		A74BF812242AEF1700F9AF6E /* SwiftUIDemoUITests.xctest */ = {isa = PBXFileReference; explicitFileType = wrapper.cfbundle; includeInIndex = 0; path = SwiftUIDemoUITests.xctest; sourceTree = BUILT_PRODUCTS_DIR; };
		A74BF816242AEF1700F9AF6E /* SwiftUIDemoUITests.swift */ = {isa = PBXFileReference; lastKnownFileType = sourcecode.swift; path = SwiftUIDemoUITests.swift; sourceTree = "<group>"; };
		A74BF818242AEF1700F9AF6E /* Info.plist */ = {isa = PBXFileReference; lastKnownFileType = text.plist.xml; path = Info.plist; sourceTree = "<group>"; };
		A74BF830242AF04B00F9AF6E /* TextDemo.swift */ = {isa = PBXFileReference; lastKnownFileType = sourcecode.swift; path = TextDemo.swift; sourceTree = "<group>"; };
		A74BF832242AF10B00F9AF6E /* TextInputDemo.swift */ = {isa = PBXFileReference; fileEncoding = 4; lastKnownFileType = sourcecode.swift; path = TextInputDemo.swift; sourceTree = "<group>"; };
		A74BF834242AF20C00F9AF6E /* ImageDemo.swift */ = {isa = PBXFileReference; fileEncoding = 4; lastKnownFileType = sourcecode.swift; path = ImageDemo.swift; sourceTree = "<group>"; };
		A74BF836242AF26600F9AF6E /* ButtonDemo.swift */ = {isa = PBXFileReference; fileEncoding = 4; lastKnownFileType = sourcecode.swift; path = ButtonDemo.swift; sourceTree = "<group>"; };
		A74BF838242AF27800F9AF6E /* DeleteDemo.swift */ = {isa = PBXFileReference; fileEncoding = 4; lastKnownFileType = sourcecode.swift; path = DeleteDemo.swift; sourceTree = "<group>"; };
		A74BF83A242B3C4B00F9AF6E /* PickerDemo.swift */ = {isa = PBXFileReference; lastKnownFileType = sourcecode.swift; path = PickerDemo.swift; sourceTree = "<group>"; };
		A752803E2431973F00DE8828 /* NavigationTabDemo.swift */ = {isa = PBXFileReference; lastKnownFileType = sourcecode.swift; path = NavigationTabDemo.swift; sourceTree = "<group>"; };
		A75316D4242D9FA600BDBF27 /* ToggleDemo.swift */ = {isa = PBXFileReference; lastKnownFileType = sourcecode.swift; path = ToggleDemo.swift; sourceTree = "<group>"; };
		A75316D8242DD5D600BDBF27 /* WebviewDemo.swift */ = {isa = PBXFileReference; lastKnownFileType = sourcecode.swift; path = WebviewDemo.swift; sourceTree = "<group>"; };
		A75316DA242DDAAD00BDBF27 /* UIViewControllerDemo.swift */ = {isa = PBXFileReference; lastKnownFileType = sourcecode.swift; path = UIViewControllerDemo.swift; sourceTree = "<group>"; };
		A75316DC242DE1AD00BDBF27 /* ScrollviewDemo.swift */ = {isa = PBXFileReference; lastKnownFileType = sourcecode.swift; path = ScrollviewDemo.swift; sourceTree = "<group>"; };
		A75C28832430726C00FCF823 /* SectionDemo.swift */ = {isa = PBXFileReference; lastKnownFileType = sourcecode.swift; path = SectionDemo.swift; sourceTree = "<group>"; };
		A75C288524308F3400FCF823 /* FormDemo.swift */ = {isa = PBXFileReference; lastKnownFileType = sourcecode.swift; path = FormDemo.swift; sourceTree = "<group>"; };
/* End PBXFileReference section */

/* Begin PBXFrameworksBuildPhase section */
		A74BF7EE242AEF1300F9AF6E /* Frameworks */ = {
			isa = PBXFrameworksBuildPhase;
			buildActionMask = 2147483647;
			files = (
			);
			runOnlyForDeploymentPostprocessing = 0;
		};
		A74BF804242AEF1700F9AF6E /* Frameworks */ = {
			isa = PBXFrameworksBuildPhase;
			buildActionMask = 2147483647;
			files = (
			);
			runOnlyForDeploymentPostprocessing = 0;
		};
		A74BF80F242AEF1700F9AF6E /* Frameworks */ = {
			isa = PBXFrameworksBuildPhase;
			buildActionMask = 2147483647;
			files = (
			);
			runOnlyForDeploymentPostprocessing = 0;
		};
/* End PBXFrameworksBuildPhase section */

/* Begin PBXGroup section */
		A74BF7E8242AEF1300F9AF6E = {
			isa = PBXGroup;
			children = (
				A74BF7F3242AEF1300F9AF6E /* SwiftUIDemo */,
				A74BF80A242AEF1700F9AF6E /* SwiftUIDemoTests */,
				A74BF815242AEF1700F9AF6E /* SwiftUIDemoUITests */,
				A74BF7F2242AEF1300F9AF6E /* Products */,
			);
			sourceTree = "<group>";
		};
		A74BF7F2242AEF1300F9AF6E /* Products */ = {
			isa = PBXGroup;
			children = (
				A74BF7F1242AEF1300F9AF6E /* SwiftUIDemo.app */,
				A74BF807242AEF1700F9AF6E /* SwiftUIDemoTests.xctest */,
				A74BF812242AEF1700F9AF6E /* SwiftUIDemoUITests.xctest */,
			);
			name = Products;
			sourceTree = "<group>";
		};
		A74BF7F3242AEF1300F9AF6E /* SwiftUIDemo */ = {
			isa = PBXGroup;
			children = (
				A74BF7F4242AEF1300F9AF6E /* AppDelegate.swift */,
				A74BF7F6242AEF1300F9AF6E /* SceneDelegate.swift */,
				A74BF830242AF04B00F9AF6E /* TextDemo.swift */,
				A74BF832242AF10B00F9AF6E /* TextInputDemo.swift */,
				A74BF834242AF20C00F9AF6E /* ImageDemo.swift */,
				A74BF836242AF26600F9AF6E /* ButtonDemo.swift */,
				A74BF838242AF27800F9AF6E /* DeleteDemo.swift */,
				A74BF83A242B3C4B00F9AF6E /* PickerDemo.swift */,
				A75316D4242D9FA600BDBF27 /* ToggleDemo.swift */,
				A75316D8242DD5D600BDBF27 /* WebviewDemo.swift */,
				A75316DA242DDAAD00BDBF27 /* UIViewControllerDemo.swift */,
				A75316DC242DE1AD00BDBF27 /* ScrollviewDemo.swift */,
				A75C28832430726C00FCF823 /* SectionDemo.swift */,
				A75C288524308F3400FCF823 /* FormDemo.swift */,
				A752803E2431973F00DE8828 /* NavigationTabDemo.swift */,
				A7490D27243473700072243A /* AlertActionSheetDemo.swift */,
				A7490D29243487B40072243A /* MoTaiDemo.swift */,
				A7490D2F2436D2BB0072243A /* PopViewDemo.swift */,
				A74BF7FA242AEF1700F9AF6E /* Assets.xcassets */,
				A74BF7FF242AEF1700F9AF6E /* LaunchScreen.storyboard */,
				A74BF802242AEF1700F9AF6E /* Info.plist */,
				A74BF7FC242AEF1700F9AF6E /* Preview Content */,
			);
			path = SwiftUIDemo;
			sourceTree = "<group>";
		};
		A74BF7FC242AEF1700F9AF6E /* Preview Content */ = {
			isa = PBXGroup;
			children = (
				A74BF7FD242AEF1700F9AF6E /* Preview Assets.xcassets */,
			);
			path = "Preview Content";
			sourceTree = "<group>";
		};
		A74BF80A242AEF1700F9AF6E /* SwiftUIDemoTests */ = {
			isa = PBXGroup;
			children = (
				A74BF80B242AEF1700F9AF6E /* SwiftUIDemoTests.swift */,
				A74BF80D242AEF1700F9AF6E /* Info.plist */,
			);
			path = SwiftUIDemoTests;
			sourceTree = "<group>";
		};
		A74BF815242AEF1700F9AF6E /* SwiftUIDemoUITests */ = {
			isa = PBXGroup;
			children = (
				A74BF816242AEF1700F9AF6E /* SwiftUIDemoUITests.swift */,
				A74BF818242AEF1700F9AF6E /* Info.plist */,
			);
			path = SwiftUIDemoUITests;
			sourceTree = "<group>";
		};
/* End PBXGroup section */

/* Begin PBXNativeTarget section */
		A74BF7F0242AEF1300F9AF6E /* SwiftUIDemo */ = {
			isa = PBXNativeTarget;
			buildConfigurationList = A74BF81B242AEF1700F9AF6E /* Build configuration list for PBXNativeTarget "SwiftUIDemo" */;
			buildPhases = (
				A74BF7ED242AEF1300F9AF6E /* Sources */,
				A74BF7EE242AEF1300F9AF6E /* Frameworks */,
				A74BF7EF242AEF1300F9AF6E /* Resources */,
			);
			buildRules = (
			);
			dependencies = (
			);
			name = SwiftUIDemo;
			productName = SwiftUIDemo;
			productReference = A74BF7F1242AEF1300F9AF6E /* SwiftUIDemo.app */;
			productType = "com.apple.product-type.application";
		};
		A74BF806242AEF1700F9AF6E /* SwiftUIDemoTests */ = {
			isa = PBXNativeTarget;
			buildConfigurationList = A74BF81E242AEF1700F9AF6E /* Build configuration list for PBXNativeTarget "SwiftUIDemoTests" */;
			buildPhases = (
				A74BF803242AEF1700F9AF6E /* Sources */,
				A74BF804242AEF1700F9AF6E /* Frameworks */,
				A74BF805242AEF1700F9AF6E /* Resources */,
			);
			buildRules = (
			);
			dependencies = (
				A74BF809242AEF1700F9AF6E /* PBXTargetDependency */,
			);
			name = SwiftUIDemoTests;
			productName = SwiftUIDemoTests;
			productReference = A74BF807242AEF1700F9AF6E /* SwiftUIDemoTests.xctest */;
			productType = "com.apple.product-type.bundle.unit-test";
		};
		A74BF811242AEF1700F9AF6E /* SwiftUIDemoUITests */ = {
			isa = PBXNativeTarget;
			buildConfigurationList = A74BF821242AEF1700F9AF6E /* Build configuration list for PBXNativeTarget "SwiftUIDemoUITests" */;
			buildPhases = (
				A74BF80E242AEF1700F9AF6E /* Sources */,
				A74BF80F242AEF1700F9AF6E /* Frameworks */,
				A74BF810242AEF1700F9AF6E /* Resources */,
			);
			buildRules = (
			);
			dependencies = (
				A74BF814242AEF1700F9AF6E /* PBXTargetDependency */,
			);
			name = SwiftUIDemoUITests;
			productName = SwiftUIDemoUITests;
			productReference = A74BF812242AEF1700F9AF6E /* SwiftUIDemoUITests.xctest */;
			productType = "com.apple.product-type.bundle.ui-testing";
		};
/* End PBXNativeTarget section */

/* Begin PBXProject section */
		A74BF7E9242AEF1300F9AF6E /* Project object */ = {
			isa = PBXProject;
			attributes = {
				LastSwiftUpdateCheck = 1130;
				LastUpgradeCheck = 1130;
				ORGANIZATIONNAME = "魂断星戈幂";
				TargetAttributes = {
					A74BF7F0242AEF1300F9AF6E = {
						CreatedOnToolsVersion = 11.3.1;
					};
					A74BF806242AEF1700F9AF6E = {
						CreatedOnToolsVersion = 11.3.1;
						TestTargetID = A74BF7F0242AEF1300F9AF6E;
					};
					A74BF811242AEF1700F9AF6E = {
						CreatedOnToolsVersion = 11.3.1;
						TestTargetID = A74BF7F0242AEF1300F9AF6E;
					};
				};
			};
			buildConfigurationList = A74BF7EC242AEF1300F9AF6E /* Build configuration list for PBXProject "SwiftUIDemo" */;
			compatibilityVersion = "Xcode 9.3";
			developmentRegion = en;
			hasScannedForEncodings = 0;
			knownRegions = (
				en,
				Base,
			);
			mainGroup = A74BF7E8242AEF1300F9AF6E;
			productRefGroup = A74BF7F2242AEF1300F9AF6E /* Products */;
			projectDirPath = "";
			projectRoot = "";
			targets = (
				A74BF7F0242AEF1300F9AF6E /* SwiftUIDemo */,
				A74BF806242AEF1700F9AF6E /* SwiftUIDemoTests */,
				A74BF811242AEF1700F9AF6E /* SwiftUIDemoUITests */,
			);
		};
/* End PBXProject section */

/* Begin PBXResourcesBuildPhase section */
		A74BF7EF242AEF1300F9AF6E /* Resources */ = {
			isa = PBXResourcesBuildPhase;
			buildActionMask = 2147483647;
			files = (
				A74BF801242AEF1700F9AF6E /* LaunchScreen.storyboard in Resources */,
				A74BF7FE242AEF1700F9AF6E /* Preview Assets.xcassets in Resources */,
				A74BF7FB242AEF1700F9AF6E /* Assets.xcassets in Resources */,
			);
			runOnlyForDeploymentPostprocessing = 0;
		};
		A74BF805242AEF1700F9AF6E /* Resources */ = {
			isa = PBXResourcesBuildPhase;
			buildActionMask = 2147483647;
			files = (
			);
			runOnlyForDeploymentPostprocessing = 0;
		};
		A74BF810242AEF1700F9AF6E /* Resources */ = {
			isa = PBXResourcesBuildPhase;
			buildActionMask = 2147483647;
			files = (
			);
			runOnlyForDeploymentPostprocessing = 0;
		};
/* End PBXResourcesBuildPhase section */

/* Begin PBXSourcesBuildPhase section */
		A74BF7ED242AEF1300F9AF6E /* Sources */ = {
			isa = PBXSourcesBuildPhase;
			buildActionMask = 2147483647;
			files = (
				A75316D9242DD5D600BDBF27 /* WebviewDemo.swift in Sources */,
				A7490D2A243487B40072243A /* MoTaiDemo.swift in Sources */,
				A75C28842430726C00FCF823 /* SectionDemo.swift in Sources */,
				A7490D302436D2BB0072243A /* PopViewDemo.swift in Sources */,
				A74BF833242AF10B00F9AF6E /* TextInputDemo.swift in Sources */,
				A752803F2431973F00DE8828 /* NavigationTabDemo.swift in Sources */,
				A75316DB242DDAAD00BDBF27 /* UIViewControllerDemo.swift in Sources */,
				A74BF7F5242AEF1300F9AF6E /* AppDelegate.swift in Sources */,
				A74BF837242AF26600F9AF6E /* ButtonDemo.swift in Sources */,
				A74BF839242AF27800F9AF6E /* DeleteDemo.swift in Sources */,
				A75316D5242D9FA600BDBF27 /* ToggleDemo.swift in Sources */,
				A7490D28243473700072243A /* AlertActionSheetDemo.swift in Sources */,
				A74BF835242AF20C00F9AF6E /* ImageDemo.swift in Sources */,
				A74BF831242AF04B00F9AF6E /* TextDemo.swift in Sources */,
				A75C288624308F3400FCF823 /* FormDemo.swift in Sources */,
				A74BF83B242B3C4B00F9AF6E /* PickerDemo.swift in Sources */,
				A75316DD242DE1AD00BDBF27 /* ScrollviewDemo.swift in Sources */,
				A74BF7F7242AEF1300F9AF6E /* SceneDelegate.swift in Sources */,
			);
			runOnlyForDeploymentPostprocessing = 0;
		};
		A74BF803242AEF1700F9AF6E /* Sources */ = {
			isa = PBXSourcesBuildPhase;
			buildActionMask = 2147483647;
			files = (
				A74BF80C242AEF1700F9AF6E /* SwiftUIDemoTests.swift in Sources */,
			);
			runOnlyForDeploymentPostprocessing = 0;
		};
		A74BF80E242AEF1700F9AF6E /* Sources */ = {
			isa = PBXSourcesBuildPhase;
			buildActionMask = 2147483647;
			files = (
				A74BF817242AEF1700F9AF6E /* SwiftUIDemoUITests.swift in Sources */,
			);
			runOnlyForDeploymentPostprocessing = 0;
		};
/* End PBXSourcesBuildPhase section */

/* Begin PBXTargetDependency section */
		A74BF809242AEF1700F9AF6E /* PBXTargetDependency */ = {
			isa = PBXTargetDependency;
			target = A74BF7F0242AEF1300F9AF6E /* SwiftUIDemo */;
			targetProxy = A74BF808242AEF1700F9AF6E /* PBXContainerItemProxy */;
		};
		A74BF814242AEF1700F9AF6E /* PBXTargetDependency */ = {
			isa = PBXTargetDependency;
			target = A74BF7F0242AEF1300F9AF6E /* SwiftUIDemo */;
			targetProxy = A74BF813242AEF1700F9AF6E /* PBXContainerItemProxy */;
		};
/* End PBXTargetDependency section */

/* Begin PBXVariantGroup section */
		A74BF7FF242AEF1700F9AF6E /* LaunchScreen.storyboard */ = {
			isa = PBXVariantGroup;
			children = (
				A74BF800242AEF1700F9AF6E /* Base */,
			);
			name = LaunchScreen.storyboard;
			sourceTree = "<group>";
		};
/* End PBXVariantGroup section */

/* Begin XCBuildConfiguration section */
		A74BF819242AEF1700F9AF6E /* Debug */ = {
			isa = XCBuildConfiguration;
			buildSettings = {
				ALWAYS_SEARCH_USER_PATHS = NO;
				CLANG_ANALYZER_NONNULL = YES;
				CLANG_ANALYZER_NUMBER_OBJECT_CONVERSION = YES_AGGRESSIVE;
				CLANG_CXX_LANGUAGE_STANDARD = "gnu++14";
				CLANG_CXX_LIBRARY = "libc++";
				CLANG_ENABLE_MODULES = YES;
				CLANG_ENABLE_OBJC_ARC = YES;
				CLANG_ENABLE_OBJC_WEAK = YES;
				CLANG_WARN_BLOCK_CAPTURE_AUTORELEASING = YES;
				CLANG_WARN_BOOL_CONVERSION = YES;
				CLANG_WARN_COMMA = YES;
				CLANG_WARN_CONSTANT_CONVERSION = YES;
				CLANG_WARN_DEPRECATED_OBJC_IMPLEMENTATIONS = YES;
				CLANG_WARN_DIRECT_OBJC_ISA_USAGE = YES_ERROR;
				CLANG_WARN_DOCUMENTATION_COMMENTS = YES;
				CLANG_WARN_EMPTY_BODY = YES;
				CLANG_WARN_ENUM_CONVERSION = YES;
				CLANG_WARN_INFINITE_RECURSION = YES;
				CLANG_WARN_INT_CONVERSION = YES;
				CLANG_WARN_NON_LITERAL_NULL_CONVERSION = YES;
				CLANG_WARN_OBJC_IMPLICIT_RETAIN_SELF = YES;
				CLANG_WARN_OBJC_LITERAL_CONVERSION = YES;
				CLANG_WARN_OBJC_ROOT_CLASS = YES_ERROR;
				CLANG_WARN_RANGE_LOOP_ANALYSIS = YES;
				CLANG_WARN_STRICT_PROTOTYPES = YES;
				CLANG_WARN_SUSPICIOUS_MOVE = YES;
				CLANG_WARN_UNGUARDED_AVAILABILITY = YES_AGGRESSIVE;
				CLANG_WARN_UNREACHABLE_CODE = YES;
				CLANG_WARN__DUPLICATE_METHOD_MATCH = YES;
				COPY_PHASE_STRIP = NO;
				DEBUG_INFORMATION_FORMAT = dwarf;
				ENABLE_STRICT_OBJC_MSGSEND = YES;
				ENABLE_TESTABILITY = YES;
				GCC_C_LANGUAGE_STANDARD = gnu11;
				GCC_DYNAMIC_NO_PIC = NO;
				GCC_NO_COMMON_BLOCKS = YES;
				GCC_OPTIMIZATION_LEVEL = 0;
				GCC_PREPROCESSOR_DEFINITIONS = (
					"DEBUG=1",
					"$(inherited)",
				);
				GCC_WARN_64_TO_32_BIT_CONVERSION = YES;
				GCC_WARN_ABOUT_RETURN_TYPE = YES_ERROR;
				GCC_WARN_UNDECLARED_SELECTOR = YES;
				GCC_WARN_UNINITIALIZED_AUTOS = YES_AGGRESSIVE;
				GCC_WARN_UNUSED_FUNCTION = YES;
				GCC_WARN_UNUSED_VARIABLE = YES;
				IPHONEOS_DEPLOYMENT_TARGET = 13.2;
				MTL_ENABLE_DEBUG_INFO = INCLUDE_SOURCE;
				MTL_FAST_MATH = YES;
				ONLY_ACTIVE_ARCH = YES;
				SDKROOT = iphoneos;
				SWIFT_ACTIVE_COMPILATION_CONDITIONS = DEBUG;
				SWIFT_OPTIMIZATION_LEVEL = "-Onone";
			};
			name = Debug;
		};
		A74BF81A242AEF1700F9AF6E /* Release */ = {
			isa = XCBuildConfiguration;
			buildSettings = {
				ALWAYS_SEARCH_USER_PATHS = NO;
				CLANG_ANALYZER_NONNULL = YES;
				CLANG_ANALYZER_NUMBER_OBJECT_CONVERSION = YES_AGGRESSIVE;
				CLANG_CXX_LANGUAGE_STANDARD = "gnu++14";
				CLANG_CXX_LIBRARY = "libc++";
				CLANG_ENABLE_MODULES = YES;
				CLANG_ENABLE_OBJC_ARC = YES;
				CLANG_ENABLE_OBJC_WEAK = YES;
				CLANG_WARN_BLOCK_CAPTURE_AUTORELEASING = YES;
				CLANG_WARN_BOOL_CONVERSION = YES;
				CLANG_WARN_COMMA = YES;
				CLANG_WARN_CONSTANT_CONVERSION = YES;
				CLANG_WARN_DEPRECATED_OBJC_IMPLEMENTATIONS = YES;
				CLANG_WARN_DIRECT_OBJC_ISA_USAGE = YES_ERROR;
				CLANG_WARN_DOCUMENTATION_COMMENTS = YES;
				CLANG_WARN_EMPTY_BODY = YES;
				CLANG_WARN_ENUM_CONVERSION = YES;
				CLANG_WARN_INFINITE_RECURSION = YES;
				CLANG_WARN_INT_CONVERSION = YES;
				CLANG_WARN_NON_LITERAL_NULL_CONVERSION = YES;
				CLANG_WARN_OBJC_IMPLICIT_RETAIN_SELF = YES;
				CLANG_WARN_OBJC_LITERAL_CONVERSION = YES;
				CLANG_WARN_OBJC_ROOT_CLASS = YES_ERROR;
				CLANG_WARN_RANGE_LOOP_ANALYSIS = YES;
				CLANG_WARN_STRICT_PROTOTYPES = YES;
				CLANG_WARN_SUSPICIOUS_MOVE = YES;
				CLANG_WARN_UNGUARDED_AVAILABILITY = YES_AGGRESSIVE;
				CLANG_WARN_UNREACHABLE_CODE = YES;
				CLANG_WARN__DUPLICATE_METHOD_MATCH = YES;
				COPY_PHASE_STRIP = NO;
				DEBUG_INFORMATION_FORMAT = "dwarf-with-dsym";
				ENABLE_NS_ASSERTIONS = NO;
				ENABLE_STRICT_OBJC_MSGSEND = YES;
				GCC_C_LANGUAGE_STANDARD = gnu11;
				GCC_NO_COMMON_BLOCKS = YES;
				GCC_WARN_64_TO_32_BIT_CONVERSION = YES;
				GCC_WARN_ABOUT_RETURN_TYPE = YES_ERROR;
				GCC_WARN_UNDECLARED_SELECTOR = YES;
				GCC_WARN_UNINITIALIZED_AUTOS = YES_AGGRESSIVE;
				GCC_WARN_UNUSED_FUNCTION = YES;
				GCC_WARN_UNUSED_VARIABLE = YES;
				IPHONEOS_DEPLOYMENT_TARGET = 13.2;
				MTL_ENABLE_DEBUG_INFO = NO;
				MTL_FAST_MATH = YES;
				SDKROOT = iphoneos;
				SWIFT_COMPILATION_MODE = wholemodule;
				SWIFT_OPTIMIZATION_LEVEL = "-O";
				VALIDATE_PRODUCT = YES;
			};
			name = Release;
		};
		A74BF81C242AEF1700F9AF6E /* Debug */ = {
			isa = XCBuildConfiguration;
			buildSettings = {
				ASSETCATALOG_COMPILER_APPICON_NAME = AppIcon;
				CODE_SIGN_STYLE = Automatic;
				DEVELOPMENT_ASSET_PATHS = "\"SwiftUIDemo/Preview Content\"";
				DEVELOPMENT_TEAM = 3B7CR825BY;
				ENABLE_PREVIEWS = YES;
				INFOPLIST_FILE = SwiftUIDemo/Info.plist;
				LD_RUNPATH_SEARCH_PATHS = (
					"$(inherited)",
					"@executable_path/Frameworks",
				);
				PRODUCT_BUNDLE_IDENTIFIER = com.dhr.demo.SwiftUIDemo;
				PRODUCT_NAME = "$(TARGET_NAME)";
				SWIFT_VERSION = 5.0;
				TARGETED_DEVICE_FAMILY = "1,2";
			};
			name = Debug;
		};
		A74BF81D242AEF1700F9AF6E /* Release */ = {
			isa = XCBuildConfiguration;
			buildSettings = {
				ASSETCATALOG_COMPILER_APPICON_NAME = AppIcon;
				CODE_SIGN_STYLE = Automatic;
				DEVELOPMENT_ASSET_PATHS = "\"SwiftUIDemo/Preview Content\"";
				DEVELOPMENT_TEAM = 3B7CR825BY;
				ENABLE_PREVIEWS = YES;
				INFOPLIST_FILE = SwiftUIDemo/Info.plist;
				LD_RUNPATH_SEARCH_PATHS = (
					"$(inherited)",
					"@executable_path/Frameworks",
				);
				PRODUCT_BUNDLE_IDENTIFIER = com.dhr.demo.SwiftUIDemo;
				PRODUCT_NAME = "$(TARGET_NAME)";
				SWIFT_VERSION = 5.0;
				TARGETED_DEVICE_FAMILY = "1,2";
			};
			name = Release;
		};
		A74BF81F242AEF1700F9AF6E /* Debug */ = {
			isa = XCBuildConfiguration;
			buildSettings = {
				ALWAYS_EMBED_SWIFT_STANDARD_LIBRARIES = YES;
				BUNDLE_LOADER = "$(TEST_HOST)";
				CODE_SIGN_STYLE = Automatic;
				DEVELOPMENT_TEAM = 3B7CR825BY;
				INFOPLIST_FILE = SwiftUIDemoTests/Info.plist;
				IPHONEOS_DEPLOYMENT_TARGET = 13.2;
				LD_RUNPATH_SEARCH_PATHS = (
					"$(inherited)",
					"@executable_path/Frameworks",
					"@loader_path/Frameworks",
				);
				PRODUCT_BUNDLE_IDENTIFIER = com.dhr.demo.SwiftUIDemoTests;
				PRODUCT_NAME = "$(TARGET_NAME)";
				SWIFT_VERSION = 5.0;
				TARGETED_DEVICE_FAMILY = "1,2";
				TEST_HOST = "$(BUILT_PRODUCTS_DIR)/SwiftUIDemo.app/SwiftUIDemo";
			};
			name = Debug;
		};
		A74BF820242AEF1700F9AF6E /* Release */ = {
			isa = XCBuildConfiguration;
			buildSettings = {
				ALWAYS_EMBED_SWIFT_STANDARD_LIBRARIES = YES;
				BUNDLE_LOADER = "$(TEST_HOST)";
				CODE_SIGN_STYLE = Automatic;
				DEVELOPMENT_TEAM = 3B7CR825BY;
				INFOPLIST_FILE = SwiftUIDemoTests/Info.plist;
				IPHONEOS_DEPLOYMENT_TARGET = 13.2;
				LD_RUNPATH_SEARCH_PATHS = (
					"$(inherited)",
					"@executable_path/Frameworks",
					"@loader_path/Frameworks",
				);
				PRODUCT_BUNDLE_IDENTIFIER = com.dhr.demo.SwiftUIDemoTests;
				PRODUCT_NAME = "$(TARGET_NAME)";
				SWIFT_VERSION = 5.0;
				TARGETED_DEVICE_FAMILY = "1,2";
				TEST_HOST = "$(BUILT_PRODUCTS_DIR)/SwiftUIDemo.app/SwiftUIDemo";
			};
			name = Release;
		};
		A74BF822242AEF1700F9AF6E /* Debug */ = {
			isa = XCBuildConfiguration;
			buildSettings = {
				ALWAYS_EMBED_SWIFT_STANDARD_LIBRARIES = YES;
				CODE_SIGN_STYLE = Automatic;
				DEVELOPMENT_TEAM = 3B7CR825BY;
				INFOPLIST_FILE = SwiftUIDemoUITests/Info.plist;
				LD_RUNPATH_SEARCH_PATHS = (
					"$(inherited)",
					"@executable_path/Frameworks",
					"@loader_path/Frameworks",
				);
				PRODUCT_BUNDLE_IDENTIFIER = com.dhr.demo.SwiftUIDemoUITests;
				PRODUCT_NAME = "$(TARGET_NAME)";
				SWIFT_VERSION = 5.0;
				TARGETED_DEVICE_FAMILY = "1,2";
				TEST_TARGET_NAME = SwiftUIDemo;
			};
			name = Debug;
		};
		A74BF823242AEF1700F9AF6E /* Release */ = {
			isa = XCBuildConfiguration;
			buildSettings = {
				ALWAYS_EMBED_SWIFT_STANDARD_LIBRARIES = YES;
				CODE_SIGN_STYLE = Automatic;
				DEVELOPMENT_TEAM = 3B7CR825BY;
				INFOPLIST_FILE = SwiftUIDemoUITests/Info.plist;
				LD_RUNPATH_SEARCH_PATHS = (
					"$(inherited)",
					"@executable_path/Frameworks",
					"@loader_path/Frameworks",
				);
				PRODUCT_BUNDLE_IDENTIFIER = com.dhr.demo.SwiftUIDemoUITests;
				PRODUCT_NAME = "$(TARGET_NAME)";
				SWIFT_VERSION = 5.0;
				TARGETED_DEVICE_FAMILY = "1,2";
				TEST_TARGET_NAME = SwiftUIDemo;
			};
			name = Release;
		};
/* End XCBuildConfiguration section */

/* Begin XCConfigurationList section */
		A74BF7EC242AEF1300F9AF6E /* Build configuration list for PBXProject "SwiftUIDemo" */ = {
			isa = XCConfigurationList;
			buildConfigurations = (
				A74BF819242AEF1700F9AF6E /* Debug */,
				A74BF81A242AEF1700F9AF6E /* Release */,
			);
			defaultConfigurationIsVisible = 0;
			defaultConfigurationName = Release;
		};
		A74BF81B242AEF1700F9AF6E /* Build configuration list for PBXNativeTarget "SwiftUIDemo" */ = {
			isa = XCConfigurationList;
			buildConfigurations = (
				A74BF81C242AEF1700F9AF6E /* Debug */,
				A74BF81D242AEF1700F9AF6E /* Release */,
			);
			defaultConfigurationIsVisible = 0;
			defaultConfigurationName = Release;
		};
		A74BF81E242AEF1700F9AF6E /* Build configuration list for PBXNativeTarget "SwiftUIDemoTests" */ = {
			isa = XCConfigurationList;
			buildConfigurations = (
				A74BF81F242AEF1700F9AF6E /* Debug */,
				A74BF820242AEF1700F9AF6E /* Release */,
			);
			defaultConfigurationIsVisible = 0;
			defaultConfigurationName = Release;
		};
		A74BF821242AEF1700F9AF6E /* Build configuration list for PBXNativeTarget "SwiftUIDemoUITests" */ = {
			isa = XCConfigurationList;
			buildConfigurations = (
				A74BF822242AEF1700F9AF6E /* Debug */,
				A74BF823242AEF1700F9AF6E /* Release */,
			);
			defaultConfigurationIsVisible = 0;
			defaultConfigurationName = Release;
		};
/* End XCConfigurationList section */
	};
	rootObject = A74BF7E9242AEF1300F9AF6E /* Project object */;
}
